
Microsoft Visual Studio Solution File, Format Version 12.00
# Visual Studio Version 17
VisualStudioVersion = 17.1.32421.90
MinimumVisualStudioVersion = 10.0.40219.1
Project("{FAE04EC0-301F-11D3-BF4B-00C04F79EFBC}") = "LargestNumber", "LargestNumber\LargestNumber.csproj", "{3B597B57-CDF6-4F5A-91F7-EF314A1B3770}"
EndProject
Global
	GlobalSection(SolutionConfigurationPlatforms) = preSolution
		Debug|Any CPU = Debug|Any CPU
		Release|Any CPU = Release|Any CPU
	EndGlobalSection
	GlobalSection(ProjectConfigurationPlatforms) = postSolution
		{3B597B57-CDF6-4F5A-91F7-EF314A1B3770}.Debug|Any CPU.ActiveCfg = Debug|Any CPU
		{3B597B57-CDF6-4F5A-91F7-EF314A1B3770}.Debug|Any CPU.Build.0 = Debug|Any CPU
		{3B597B57-CDF6-4F5A-91F7-EF314A1B3770}.Release|Any CPU.ActiveCfg = Release|Any CPU
		{3B597B57-CDF6-4F5A-91F7-EF314A1B3770}.Release|Any CPU.Build.0 = Release|Any CPU
	EndGlobalSection
	GlobalSection(SolutionProperties) = preSolution
		HideSolutionNode = FALSE
	EndGlobalSection
	GlobalSection(ExtensibilityGlobals) = postSolution
		SolutionGuid = {4FF7A90D-1EDF-4596-810A-EB639E8219F6}
	EndGlobalSection
EndGlobal
